
Microsoft Visual Studio Solution File, Format Version 12.00
# Visual Studio Version 16
VisualStudioVersion = 16.0.29519.181
MinimumVisualStudioVersion = 10.0.40219.1
Project("{FAE04EC0-301F-11D3-BF4B-00C04F79EFBC}") = "Hello", "Hello\Hello.csproj", "{7AE2F69E-F21C-49F9-8281-754A26E9CE08}"
EndProject
Global
	GlobalSection(SolutionConfigurationPlatforms) = preSolution
		Debug|Any CPU = Debug|Any CPU
		Release|Any CPU = Release|Any CPU
	EndGlobalSection
	GlobalSection(ProjectConfigurationPlatforms) = postSolution
		{7AE2F69E-F21C-49F9-8281-754A26E9CE08}.Debug|Any CPU.ActiveCfg = Debug|Any CPU
		{7AE2F69E-F21C-49F9-8281-754A26E9CE08}.Debug|Any CPU.Build.0 = Debug|Any CPU
		{7AE2F69E-F21C-49F9-8281-754A26E9CE08}.Release|Any CPU.ActiveCfg = Release|Any CPU
		{7AE2F69E-F21C-49F9-8281-754A26E9CE08}.Release|Any CPU.Build.0 = Release|Any CPU
	EndGlobalSection
	GlobalSection(SolutionProperties) = preSolution
		HideSolutionNode = FALSE
	EndGlobalSection
	GlobalSection(ExtensibilityGlobals) = postSolution
		SolutionGuid = {EF835474-7587-4B7D-80E9-BC5715907A3C}
	EndGlobalSection
EndGlobal
